
Microsoft Visual Studio Solution File, Format Version 12.00
Project("{FAE04EC0-301F-11D3-BF4B-00C04F79EFBC}") = "RazorTemplate", "RazorTemplate\RazorTemplate.csproj", "{5EF79B4B-6ED8-4F25-BD9E-F62A1A25F40B}"
EndProject
Global
	GlobalSection(SolutionConfigurationPlatforms) = preSolution
		Debug|Any CPU = Debug|Any CPU
		Release|Any CPU = Release|Any CPU
	EndGlobalSection
	GlobalSection(ProjectConfigurationPlatforms) = postSolution
		{5EF79B4B-6ED8-4F25-BD9E-F62A1A25F40B}.Debug|Any CPU.ActiveCfg = Debug|Any CPU
		{5EF79B4B-6ED8-4F25-BD9E-F62A1A25F40B}.Debug|Any CPU.Build.0 = Debug|Any CPU
		{5EF79B4B-6ED8-4F25-BD9E-F62A1A25F40B}.Release|Any CPU.ActiveCfg = Release|Any CPU
		{5EF79B4B-6ED8-4F25-BD9E-F62A1A25F40B}.Release|Any CPU.Build.0 = Release|Any CPU
	EndGlobalSection
EndGlobal
